// !$*UTF8*$!
{
	archiveVersion = 1;
	classes = {
	};
	objectVersion = 46;
	objects = {

/* Begin PBXBuildFile section */
		E800F05D169C1E0A0013E4A3 /* ImageContent.m in Sources */ = {isa = PBXBuildFile; fileRef = E800F05C169C1E0A0013E4A3 /* ImageContent.m */; };
		E853C34A1683562A00BDC3F3 /* UIKit.framework in Frameworks */ = {isa = PBXBuildFile; fileRef = E853C3491683562A00BDC3F3 /* UIKit.framework */; };
		E853C34C1683562A00BDC3F3 /* Foundation.framework in Frameworks */ = {isa = PBXBuildFile; fileRef = E853C34B1683562A00BDC3F3 /* Foundation.framework */; };
		E853C34E1683562A00BDC3F3 /* CoreGraphics.framework in Frameworks */ = {isa = PBXBuildFile; fileRef = E853C34D1683562A00BDC3F3 /* CoreGraphics.framework */; };
		E853C3501683562A00BDC3F3 /* CoreData.framework in Frameworks */ = {isa = PBXBuildFile; fileRef = E853C34F1683562A00BDC3F3 /* CoreData.framework */; };
		E853C3561683562A00BDC3F3 /* InfoPlist.strings in Resources */ = {isa = PBXBuildFile; fileRef = E853C3541683562A00BDC3F3 /* InfoPlist.strings */; };
		E853C3581683562A00BDC3F3 /* main.m in Sources */ = {isa = PBXBuildFile; fileRef = E853C3571683562A00BDC3F3 /* main.m */; };
		E853C35C1683562A00BDC3F3 /* AppDelegate.m in Sources */ = {isa = PBXBuildFile; fileRef = E853C35B1683562A00BDC3F3 /* AppDelegate.m */; };
		E853C35E1683562A00BDC3F3 /* Default.png in Resources */ = {isa = PBXBuildFile; fileRef = E853C35D1683562A00BDC3F3 /* Default.png */; };
		E853C3601683562A00BDC3F3 /* Default@2x.png in Resources */ = {isa = PBXBuildFile; fileRef = E853C35F1683562A00BDC3F3 /* Default@2x.png */; };
		E853C3621683562A00BDC3F3 /* Default-568h@2x.png in Resources */ = {isa = PBXBuildFile; fileRef = E853C3611683562A00BDC3F3 /* Default-568h@2x.png */; };
		E853C3651683562A00BDC3F3 /* ImageComment.xcdatamodeld in Sources */ = {isa = PBXBuildFile; fileRef = E853C3631683562A00BDC3F3 /* ImageComment.xcdatamodeld */; };
		E853C3681683562A00BDC3F3 /* ImageListController.m in Sources */ = {isa = PBXBuildFile; fileRef = E853C3671683562A00BDC3F3 /* ImageListController.m */; };
		E853C36E1683562B00BDC3F3 /* ImageListController.xib in Resources */ = {isa = PBXBuildFile; fileRef = E853C36C1683562B00BDC3F3 /* ImageListController.xib */; };
		E853C3A2168414EB00BDC3F3 /* ImageManageController.m in Sources */ = {isa = PBXBuildFile; fileRef = E853C38A16836C4700BDC3F3 /* ImageManageController.m */; };
		E853C3AC16841DC700BDC3F3 /* ImageLocationController.m in Sources */ = {isa = PBXBuildFile; fileRef = E853C3AA16841DC600BDC3F3 /* ImageLocationController.m */; };
		E853C3AD16841DC700BDC3F3 /* ImageLocationController.xib in Resources */ = {isa = PBXBuildFile; fileRef = E853C3AB16841DC700BDC3F3 /* ImageLocationController.xib */; };
		E853C3AF16841FB200BDC3F3 /* MapKit.framework in Frameworks */ = {isa = PBXBuildFile; fileRef = E853C3AE16841FB200BDC3F3 /* MapKit.framework */; };
		E853C3B11684C47200BDC3F3 /* CoreLocation.framework in Frameworks */ = {isa = PBXBuildFile; fileRef = E853C3B01684C47100BDC3F3 /* CoreLocation.framework */; };
		E853C3C6168574E600BDC3F3 /* AbstractActionSheetPicker.m in Sources */ = {isa = PBXBuildFile; fileRef = E853C3BC1685747B00BDC3F3 /* AbstractActionSheetPicker.m */; settings = {COMPILER_FLAGS = "-fno-objc-arc"; }; };
		E853C3C7168574E600BDC3F3 /* ActionSheetDatePicker.m in Sources */ = {isa = PBXBuildFile; fileRef = E853C3BE1685747B00BDC3F3 /* ActionSheetDatePicker.m */; settings = {COMPILER_FLAGS = "-fno-objc-arc"; }; };
		E853C3C8168574E600BDC3F3 /* ActionSheetDistancePicker.m in Sources */ = {isa = PBXBuildFile; fileRef = E853C3C01685747B00BDC3F3 /* ActionSheetDistancePicker.m */; settings = {COMPILER_FLAGS = "-fno-objc-arc"; }; };
		E853C3C9168574E600BDC3F3 /* ActionSheetStringPicker.m in Sources */ = {isa = PBXBuildFile; fileRef = E853C3C31685747B00BDC3F3 /* ActionSheetStringPicker.m */; settings = {COMPILER_FLAGS = "-fno-objc-arc"; }; };
		E853C3CA168574E600BDC3F3 /* DistancePickerView.m in Sources */ = {isa = PBXBuildFile; fileRef = E853C3C51685747B00BDC3F3 /* DistancePickerView.m */; settings = {COMPILER_FLAGS = "-fno-objc-arc"; }; };
		E853C3CB168574E600BDC3F3 /* PopoverView.m in Sources */ = {isa = PBXBuildFile; fileRef = E853C3BA1685746D00BDC3F3 /* PopoverView.m */; settings = {COMPILER_FLAGS = "-fno-objc-arc"; }; };
		E86AEF67168A02F2002234FE /* success.png in Resources */ = {isa = PBXBuildFile; fileRef = E86AEF65168A02F2002234FE /* success.png */; };
		E86AEF68168A02F2002234FE /* success@2x.png in Resources */ = {isa = PBXBuildFile; fileRef = E86AEF66168A02F2002234FE /* success@2x.png */; };
		E86AEF6C168A0332002234FE /* target.png in Resources */ = {isa = PBXBuildFile; fileRef = E86AEF6A168A0332002234FE /* target.png */; };
		E86AEF6D168A0332002234FE /* target@2x.png in Resources */ = {isa = PBXBuildFile; fileRef = E86AEF6B168A0332002234FE /* target@2x.png */; };
		E86AEF7C168B5EC6002234FE /* QuartzCore.framework in Frameworks */ = {isa = PBXBuildFile; fileRef = E86AEF7B168B5EC6002234FE /* QuartzCore.framework */; };
		E86FF3AC16A128A40046BA2A /* egopv_error_placeholder.png in Resources */ = {isa = PBXBuildFile; fileRef = E86FF3A116A128A40046BA2A /* egopv_error_placeholder.png */; };
		E86FF3AD16A128A40046BA2A /* egopv_error_placeholder@2x.png in Resources */ = {isa = PBXBuildFile; fileRef = E86FF3A216A128A40046BA2A /* egopv_error_placeholder@2x.png */; };
		E86FF3AE16A128A40046BA2A /* egopv_fullscreen_button.png in Resources */ = {isa = PBXBuildFile; fileRef = E86FF3A316A128A40046BA2A /* egopv_fullscreen_button.png */; };
		E86FF3AF16A128A40046BA2A /* egopv_fullscreen_button@2x.png in Resources */ = {isa = PBXBuildFile; fileRef = E86FF3A416A128A40046BA2A /* egopv_fullscreen_button@2x.png */; };
		E86FF3B016A128A40046BA2A /* egopv_left.png in Resources */ = {isa = PBXBuildFile; fileRef = E86FF3A516A128A40046BA2A /* egopv_left.png */; };
		E86FF3B116A128A40046BA2A /* egopv_left@2x.png in Resources */ = {isa = PBXBuildFile; fileRef = E86FF3A616A128A40046BA2A /* egopv_left@2x.png */; };
		E86FF3B216A128A40046BA2A /* egopv_minimize_fullscreen_button.png in Resources */ = {isa = PBXBuildFile; fileRef = E86FF3A716A128A40046BA2A /* egopv_minimize_fullscreen_button.png */; };
		E86FF3B316A128A40046BA2A /* egopv_photo_placeholder.png in Resources */ = {isa = PBXBuildFile; fileRef = E86FF3A816A128A40046BA2A /* egopv_photo_placeholder.png */; };
		E86FF3B416A128A40046BA2A /* egopv_photo_placeholder@2x.png in Resources */ = {isa = PBXBuildFile; fileRef = E86FF3A916A128A40046BA2A /* egopv_photo_placeholder@2x.png */; };
		E86FF3B516A128A40046BA2A /* egopv_right.png in Resources */ = {isa = PBXBuildFile; fileRef = E86FF3AA16A128A40046BA2A /* egopv_right.png */; };
		E86FF3B616A128A40046BA2A /* egopv_right@2x.png in Resources */ = {isa = PBXBuildFile; fileRef = E86FF3AB16A128A40046BA2A /* egopv_right@2x.png */; };
		E86FF3CD16A154C80046BA2A /* EGOImageLoadConnection.m in Sources */ = {isa = PBXBuildFile; fileRef = E86FF3C016A128F40046BA2A /* EGOImageLoadConnection.m */; settings = {COMPILER_FLAGS = "-fno-objc-arc"; }; };
		E86FF3CE16A154C80046BA2A /* EGOImageLoader.m in Sources */ = {isa = PBXBuildFile; fileRef = E86FF3C216A128F40046BA2A /* EGOImageLoader.m */; settings = {COMPILER_FLAGS = "-fno-objc-arc"; }; };
		E86FF3CF16A154C80046BA2A /* EGOCache.m in Sources */ = {isa = PBXBuildFile; fileRef = E86FF3BE16A128EA0046BA2A /* EGOCache.m */; settings = {COMPILER_FLAGS = "-fno-objc-arc"; }; };
		E86FF3D016A154C80046BA2A /* EGOQuickPhoto.m in Sources */ = {isa = PBXBuildFile; fileRef = E86FF39B16A128540046BA2A /* EGOQuickPhoto.m */; settings = {COMPILER_FLAGS = "-fno-objc-arc"; }; };
		E86FF3D116A154C80046BA2A /* EGOQuickPhotoSource.m in Sources */ = {isa = PBXBuildFile; fileRef = E86FF39D16A128540046BA2A /* EGOQuickPhotoSource.m */; settings = {COMPILER_FLAGS = "-fno-objc-arc"; }; };
		E86FF3D216A154C80046BA2A /* EGOPhotoViewController.m in Sources */ = {isa = PBXBuildFile; fileRef = E86FF3A016A128940046BA2A /* EGOPhotoViewController.m */; settings = {COMPILER_FLAGS = "-fno-objc-arc"; }; };
		E86FF3D316A154C80046BA2A /* EGOPhotoScrollView.m in Sources */ = {isa = PBXBuildFile; fileRef = E86FF3BC16A128D80046BA2A /* EGOPhotoScrollView.m */; settings = {COMPILER_FLAGS = "-fno-objc-arc"; }; };
		E86FF3D416A154C80046BA2A /* EGOPhotoImageView.m in Sources */ = {isa = PBXBuildFile; fileRef = E86FF3BA16A128CD0046BA2A /* EGOPhotoImageView.m */; settings = {COMPILER_FLAGS = "-fno-objc-arc"; }; };
		E86FF3D516A154C80046BA2A /* EGOPhotoCaptionView.m in Sources */ = {isa = PBXBuildFile; fileRef = E86FF3B816A128C20046BA2A /* EGOPhotoCaptionView.m */; settings = {COMPILER_FLAGS = "-fno-objc-arc"; }; };
		E86FF3D616A154C80046BA2A /* MyPhoto.m in Sources */ = {isa = PBXBuildFile; fileRef = E86FF3CA16A154900046BA2A /* MyPhoto.m */; settings = {COMPILER_FLAGS = "-fno-objc-arc"; }; };
		E86FF3D716A154C80046BA2A /* MyPhotoSource.m in Sources */ = {isa = PBXBuildFile; fileRef = E86FF3CC16A154900046BA2A /* MyPhotoSource.m */; settings = {COMPILER_FLAGS = "-fno-objc-arc"; }; };
		E86FF3D916A155F90046BA2A /* MessageUI.framework in Frameworks */ = {isa = PBXBuildFile; fileRef = E86FF3D816A155F90046BA2A /* MessageUI.framework */; };
		E8972D76169EA190003686D1 /* PreviewViewController.m in Sources */ = {isa = PBXBuildFile; fileRef = E8972D74169EA190003686D1 /* PreviewViewController.m */; };
		E8972D77169EA190003686D1 /* PreviewViewController.xib in Resources */ = {isa = PBXBuildFile; fileRef = E8972D75169EA190003686D1 /* PreviewViewController.xib */; };
		E8EBD0BC169ACF1C000D118F /* MobileCoreServices.framework in Frameworks */ = {isa = PBXBuildFile; fileRef = E8EBD0BB169ACF1C000D118F /* MobileCoreServices.framework */; };
		E8EBD0C2169BC0DD000D118F /* ColorExtention.m in Sources */ = {isa = PBXBuildFile; fileRef = E853C3D116860EC300BDC3F3 /* ColorExtention.m */; };
/* End PBXBuildFile section */

/* Begin PBXFileReference section */
		E800F05B169C1E0A0013E4A3 /* ImageContent.h */ = {isa = PBXFileReference; fileEncoding = 4; lastKnownFileType = sourcecode.c.h; path = ImageContent.h; sourceTree = "<group>"; };
		E800F05C169C1E0A0013E4A3 /* ImageContent.m */ = {isa = PBXFileReference; fileEncoding = 4; lastKnownFileType = sourcecode.c.objc; path = ImageContent.m; sourceTree = "<group>"; };
		E853C3451683562A00BDC3F3 /* ImageComment.app */ = {isa = PBXFileReference; explicitFileType = wrapper.application; includeInIndex = 0; path = ImageComment.app; sourceTree = BUILT_PRODUCTS_DIR; };
		E853C3491683562A00BDC3F3 /* UIKit.framework */ = {isa = PBXFileReference; lastKnownFileType = wrapper.framework; name = UIKit.framework; path = System/Library/Frameworks/UIKit.framework; sourceTree = SDKROOT; };
		E853C34B1683562A00BDC3F3 /* Foundation.framework */ = {isa = PBXFileReference; lastKnownFileType = wrapper.framework; name = Foundation.framework; path = System/Library/Frameworks/Foundation.framework; sourceTree = SDKROOT; };
		E853C34D1683562A00BDC3F3 /* CoreGraphics.framework */ = {isa = PBXFileReference; lastKnownFileType = wrapper.framework; name = CoreGraphics.framework; path = System/Library/Frameworks/CoreGraphics.framework; sourceTree = SDKROOT; };
		E853C34F1683562A00BDC3F3 /* CoreData.framework */ = {isa = PBXFileReference; lastKnownFileType = wrapper.framework; name = CoreData.framework; path = System/Library/Frameworks/CoreData.framework; sourceTree = SDKROOT; };
		E853C3531683562A00BDC3F3 /* ImageComment-Info.plist */ = {isa = PBXFileReference; lastKnownFileType = text.plist.xml; path = "ImageComment-Info.plist"; sourceTree = "<group>"; };
		E853C3551683562A00BDC3F3 /* en */ = {isa = PBXFileReference; lastKnownFileType = text.plist.strings; name = en; path = en.lproj/InfoPlist.strings; sourceTree = "<group>"; };
		E853C3571683562A00BDC3F3 /* main.m */ = {isa = PBXFileReference; lastKnownFileType = sourcecode.c.objc; path = main.m; sourceTree = "<group>"; };
		E853C3591683562A00BDC3F3 /* ImageComment-Prefix.pch */ = {isa = PBXFileReference; lastKnownFileType = sourcecode.c.h; path = "ImageComment-Prefix.pch"; sourceTree = "<group>"; };
		E853C35A1683562A00BDC3F3 /* AppDelegate.h */ = {isa = PBXFileReference; lastKnownFileType = sourcecode.c.h; path = AppDelegate.h; sourceTree = "<group>"; };
		E853C35B1683562A00BDC3F3 /* AppDelegate.m */ = {isa = PBXFileReference; lastKnownFileType = sourcecode.c.objc; path = AppDelegate.m; sourceTree = "<group>"; };
		E853C35D1683562A00BDC3F3 /* Default.png */ = {isa = PBXFileReference; lastKnownFileType = image.png; path = Default.png; sourceTree = "<group>"; };
		E853C35F1683562A00BDC3F3 /* Default@2x.png */ = {isa = PBXFileReference; lastKnownFileType = image.png; path = "Default@2x.png"; sourceTree = "<group>"; };
		E853C3611683562A00BDC3F3 /* Default-568h@2x.png */ = {isa = PBXFileReference; lastKnownFileType = image.png; path = "Default-568h@2x.png"; sourceTree = "<group>"; };
		E853C3641683562A00BDC3F3 /* ImageComment.xcdatamodel */ = {isa = PBXFileReference; lastKnownFileType = wrapper.xcdatamodel; path = ImageComment.xcdatamodel; sourceTree = "<group>"; };
		E853C3661683562A00BDC3F3 /* ImageListController.h */ = {isa = PBXFileReference; lastKnownFileType = sourcecode.c.h; path = ImageListController.h; sourceTree = "<group>"; };
		E853C3671683562A00BDC3F3 /* ImageListController.m */ = {isa = PBXFileReference; lastKnownFileType = sourcecode.c.objc; path = ImageListController.m; sourceTree = "<group>"; };
		E853C36D1683562B00BDC3F3 /* en */ = {isa = PBXFileReference; lastKnownFileType = file.xib; name = en; path = en.lproj/ImageListController.xib; sourceTree = "<group>"; };
		E853C38916836C4700BDC3F3 /* ImageManageController.h */ = {isa = PBXFileReference; lastKnownFileType = sourcecode.c.h; path = ImageManageController.h; sourceTree = "<group>"; };
		E853C38A16836C4700BDC3F3 /* ImageManageController.m */ = {isa = PBXFileReference; lastKnownFileType = sourcecode.c.objc; path = ImageManageController.m; sourceTree = "<group>"; };
		E853C38B16836C4800BDC3F3 /* ImageManageController.xib */ = {isa = PBXFileReference; lastKnownFileType = file.xib; path = ImageManageController.xib; sourceTree = "<group>"; };
		E853C3A916841DC500BDC3F3 /* ImageLocationController.h */ = {isa = PBXFileReference; fileEncoding = 4; lastKnownFileType = sourcecode.c.h; path = ImageLocationController.h; sourceTree = "<group>"; };
		E853C3AA16841DC600BDC3F3 /* ImageLocationController.m */ = {isa = PBXFileReference; fileEncoding = 4; lastKnownFileType = sourcecode.c.objc; path = ImageLocationController.m; sourceTree = "<group>"; };
		E853C3AB16841DC700BDC3F3 /* ImageLocationController.xib */ = {isa = PBXFileReference; fileEncoding = 4; lastKnownFileType = file.xib; path = ImageLocationController.xib; sourceTree = "<group>"; };
		E853C3AE16841FB200BDC3F3 /* MapKit.framework */ = {isa = PBXFileReference; lastKnownFileType = wrapper.framework; name = MapKit.framework; path = System/Library/Frameworks/MapKit.framework; sourceTree = SDKROOT; };
		E853C3B01684C47100BDC3F3 /* CoreLocation.framework */ = {isa = PBXFileReference; lastKnownFileType = wrapper.framework; name = CoreLocation.framework; path = System/Library/Frameworks/CoreLocation.framework; sourceTree = SDKROOT; };
		E853C3B91685746D00BDC3F3 /* PopoverView.h */ = {isa = PBXFileReference; lastKnownFileType = sourcecode.c.h; name = PopoverView.h; path = PopoverView/PopoverView.h; sourceTree = "<group>"; };
		E853C3BA1685746D00BDC3F3 /* PopoverView.m */ = {isa = PBXFileReference; lastKnownFileType = sourcecode.c.objc; name = PopoverView.m; path = PopoverView/PopoverView.m; sourceTree = "<group>"; };
		E853C3BB1685747B00BDC3F3 /* AbstractActionSheetPicker.h */ = {isa = PBXFileReference; lastKnownFileType = sourcecode.c.h; name = AbstractActionSheetPicker.h; path = Picker/AbstractActionSheetPicker.h; sourceTree = "<group>"; };
		E853C3BC1685747B00BDC3F3 /* AbstractActionSheetPicker.m */ = {isa = PBXFileReference; lastKnownFileType = sourcecode.c.objc; name = AbstractActionSheetPicker.m; path = Picker/AbstractActionSheetPicker.m; sourceTree = "<group>"; };
		E853C3BD1685747B00BDC3F3 /* ActionSheetDatePicker.h */ = {isa = PBXFileReference; lastKnownFileType = sourcecode.c.h; name = ActionSheetDatePicker.h; path = Picker/ActionSheetDatePicker.h; sourceTree = "<group>"; };
		E853C3BE1685747B00BDC3F3 /* ActionSheetDatePicker.m */ = {isa = PBXFileReference; lastKnownFileType = sourcecode.c.objc; name = ActionSheetDatePicker.m; path = Picker/ActionSheetDatePicker.m; sourceTree = "<group>"; };
		E853C3BF1685747B00BDC3F3 /* ActionSheetDistancePicker.h */ = {isa = PBXFileReference; lastKnownFileType = sourcecode.c.h; name = ActionSheetDistancePicker.h; path = Picker/ActionSheetDistancePicker.h; sourceTree = "<group>"; };
		E853C3C01685747B00BDC3F3 /* ActionSheetDistancePicker.m */ = {isa = PBXFileReference; lastKnownFileType = sourcecode.c.objc; name = ActionSheetDistancePicker.m; path = Picker/ActionSheetDistancePicker.m; sourceTree = "<group>"; };
		E853C3C11685747B00BDC3F3 /* ActionSheetPicker.h */ = {isa = PBXFileReference; lastKnownFileType = sourcecode.c.h; name = ActionSheetPicker.h; path = Picker/ActionSheetPicker.h; sourceTree = "<group>"; };
		E853C3C21685747B00BDC3F3 /* ActionSheetStringPicker.h */ = {isa = PBXFileReference; lastKnownFileType = sourcecode.c.h; name = ActionSheetStringPicker.h; path = Picker/ActionSheetStringPicker.h; sourceTree = "<group>"; };
		E853C3C31685747B00BDC3F3 /* ActionSheetStringPicker.m */ = {isa = PBXFileReference; lastKnownFileType = sourcecode.c.objc; name = ActionSheetStringPicker.m; path = Picker/ActionSheetStringPicker.m; sourceTree = "<group>"; };
		E853C3C41685747B00BDC3F3 /* DistancePickerView.h */ = {isa = PBXFileReference; lastKnownFileType = sourcecode.c.h; name = DistancePickerView.h; path = Picker/DistancePickerView.h; sourceTree = "<group>"; };
		E853C3C51685747B00BDC3F3 /* DistancePickerView.m */ = {isa = PBXFileReference; lastKnownFileType = sourcecode.c.objc; name = DistancePickerView.m; path = Picker/DistancePickerView.m; sourceTree = "<group>"; };
		E853C3D016860EC300BDC3F3 /* ColorExtention.h */ = {isa = PBXFileReference; lastKnownFileType = sourcecode.c.h; path = ColorExtention.h; sourceTree = "<group>"; };
		E853C3D116860EC300BDC3F3 /* ColorExtention.m */ = {isa = PBXFileReference; lastKnownFileType = sourcecode.c.objc; path = ColorExtention.m; sourceTree = "<group>"; };
		E86AEF65168A02F2002234FE /* success.png */ = {isa = PBXFileReference; lastKnownFileType = image.png; name = success.png; path = icons/success.png; sourceTree = "<group>"; };
		E86AEF66168A02F2002234FE /* success@2x.png */ = {isa = PBXFileReference; lastKnownFileType = image.png; name = "success@2x.png"; path = "icons/success@2x.png"; sourceTree = "<group>"; };
		E86AEF6A168A0332002234FE /* target.png */ = {isa = PBXFileReference; lastKnownFileType = image.png; name = target.png; path = icons/target.png; sourceTree = "<group>"; };
		E86AEF6B168A0332002234FE /* target@2x.png */ = {isa = PBXFileReference; lastKnownFileType = image.png; name = "target@2x.png"; path = "icons/target@2x.png"; sourceTree = "<group>"; };
		E86AEF7B168B5EC6002234FE /* QuartzCore.framework */ = {isa = PBXFileReference; lastKnownFileType = wrapper.framework; name = QuartzCore.framework; path = System/Library/Frameworks/QuartzCore.framework; sourceTree = SDKROOT; };
		E86FF39916A128440046BA2A /* EGOPhotoGlobal.h */ = {isa = PBXFileReference; lastKnownFileType = sourcecode.c.h; name = EGOPhotoGlobal.h; path = EGOPhoto/EGOPhotoViewer/EGOPhotoGlobal.h; sourceTree = "<group>"; };
		E86FF39A16A128540046BA2A /* EGOQuickPhoto.h */ = {isa = PBXFileReference; lastKnownFileType = sourcecode.c.h; name = EGOQuickPhoto.h; path = EGOPhoto/EGOPhotoViewer/Model/EGOQuickPhoto/EGOQuickPhoto.h; sourceTree = "<group>"; };
		E86FF39B16A128540046BA2A /* EGOQuickPhoto.m */ = {isa = PBXFileReference; lastKnownFileType = sourcecode.c.objc; name = EGOQuickPhoto.m; path = EGOPhoto/EGOPhotoViewer/Model/EGOQuickPhoto/EGOQuickPhoto.m; sourceTree = "<group>"; };
		E86FF39C16A128540046BA2A /* EGOQuickPhotoSource.h */ = {isa = PBXFileReference; lastKnownFileType = sourcecode.c.h; name = EGOQuickPhotoSource.h; path = EGOPhoto/EGOPhotoViewer/Model/EGOQuickPhoto/EGOQuickPhotoSource.h; sourceTree = "<group>"; };
		E86FF39D16A128540046BA2A /* EGOQuickPhotoSource.m */ = {isa = PBXFileReference; lastKnownFileType = sourcecode.c.objc; name = EGOQuickPhotoSource.m; path = EGOPhoto/EGOPhotoViewer/Model/EGOQuickPhoto/EGOQuickPhotoSource.m; sourceTree = "<group>"; };
		E86FF39E16A1287E0046BA2A /* EGOPhotoSource.h */ = {isa = PBXFileReference; lastKnownFileType = sourcecode.c.h; name = EGOPhotoSource.h; path = EGOPhoto/EGOPhotoViewer/Model/EGOPhotoSource/EGOPhotoSource.h; sourceTree = "<group>"; };
		E86FF39F16A128940046BA2A /* EGOPhotoViewController.h */ = {isa = PBXFileReference; lastKnownFileType = sourcecode.c.h; name = EGOPhotoViewController.h; path = EGOPhoto/EGOPhotoViewer/Controller/EGOPhotoViewController/EGOPhotoViewController.h; sourceTree = "<group>"; };
		E86FF3A016A128940046BA2A /* EGOPhotoViewController.m */ = {isa = PBXFileReference; lastKnownFileType = sourcecode.c.objc; name = EGOPhotoViewController.m; path = EGOPhoto/EGOPhotoViewer/Controller/EGOPhotoViewController/EGOPhotoViewController.m; sourceTree = "<group>"; };
		E86FF3A116A128A40046BA2A /* egopv_error_placeholder.png */ = {isa = PBXFileReference; lastKnownFileType = image.png; name = egopv_error_placeholder.png; path = EGOPhoto/EGOPhotoViewer/Resources/egopv_error_placeholder.png; sourceTree = "<group>"; };
		E86FF3A216A128A40046BA2A /* egopv_error_placeholder@2x.png */ = {isa = PBXFileReference; lastKnownFileType = image.png; name = "egopv_error_placeholder@2x.png"; path = "EGOPhoto/EGOPhotoViewer/Resources/egopv_error_placeholder@2x.png"; sourceTree = "<group>"; };
		E86FF3A316A128A40046BA2A /* egopv_fullscreen_button.png */ = {isa = PBXFileReference; lastKnownFileType = image.png; name = egopv_fullscreen_button.png; path = EGOPhoto/EGOPhotoViewer/Resources/egopv_fullscreen_button.png; sourceTree = "<group>"; };
		E86FF3A416A128A40046BA2A /* egopv_fullscreen_button@2x.png */ = {isa = PBXFileReference; lastKnownFileType = image.png; name = "egopv_fullscreen_button@2x.png"; path = "EGOPhoto/EGOPhotoViewer/Resources/egopv_fullscreen_button@2x.png"; sourceTree = "<group>"; };
		E86FF3A516A128A40046BA2A /* egopv_left.png */ = {isa = PBXFileReference; lastKnownFileType = image.png; name = egopv_left.png; path = EGOPhoto/EGOPhotoViewer/Resources/egopv_left.png; sourceTree = "<group>"; };
		E86FF3A616A128A40046BA2A /* egopv_left@2x.png */ = {isa = PBXFileReference; lastKnownFileType = image.png; name = "egopv_left@2x.png"; path = "EGOPhoto/EGOPhotoViewer/Resources/egopv_left@2x.png"; sourceTree = "<group>"; };
		E86FF3A716A128A40046BA2A /* egopv_minimize_fullscreen_button.png */ = {isa = PBXFileReference; lastKnownFileType = image.png; name = egopv_minimize_fullscreen_button.png; path = EGOPhoto/EGOPhotoViewer/Resources/egopv_minimize_fullscreen_button.png; sourceTree = "<group>"; };
		E86FF3A816A128A40046BA2A /* egopv_photo_placeholder.png */ = {isa = PBXFileReference; lastKnownFileType = image.png; name = egopv_photo_placeholder.png; path = EGOPhoto/EGOPhotoViewer/Resources/egopv_photo_placeholder.png; sourceTree = "<group>"; };
		E86FF3A916A128A40046BA2A /* egopv_photo_placeholder@2x.png */ = {isa = PBXFileReference; lastKnownFileType = image.png; name = "egopv_photo_placeholder@2x.png"; path = "EGOPhoto/EGOPhotoViewer/Resources/egopv_photo_placeholder@2x.png"; sourceTree = "<group>"; };
		E86FF3AA16A128A40046BA2A /* egopv_right.png */ = {isa = PBXFileReference; lastKnownFileType = image.png; name = egopv_right.png; path = EGOPhoto/EGOPhotoViewer/Resources/egopv_right.png; sourceTree = "<group>"; };
		E86FF3AB16A128A40046BA2A /* egopv_right@2x.png */ = {isa = PBXFileReference; lastKnownFileType = image.png; name = "egopv_right@2x.png"; path = "EGOPhoto/EGOPhotoViewer/Resources/egopv_right@2x.png"; sourceTree = "<group>"; };
		E86FF3B716A128C20046BA2A /* EGOPhotoCaptionView.h */ = {isa = PBXFileReference; lastKnownFileType = sourcecode.c.h; name = EGOPhotoCaptionView.h; path = EGOPhoto/EGOPhotoViewer/Views/EGOPhotoCaptionView/EGOPhotoCaptionView.h; sourceTree = "<group>"; };
		E86FF3B816A128C20046BA2A /* EGOPhotoCaptionView.m */ = {isa = PBXFileReference; lastKnownFileType = sourcecode.c.objc; name = EGOPhotoCaptionView.m; path = EGOPhoto/EGOPhotoViewer/Views/EGOPhotoCaptionView/EGOPhotoCaptionView.m; sourceTree = "<group>"; };
		E86FF3B916A128CD0046BA2A /* EGOPhotoImageView.h */ = {isa = PBXFileReference; lastKnownFileType = sourcecode.c.h; name = EGOPhotoImageView.h; path = EGOPhoto/EGOPhotoViewer/Views/EGOPhotoImageView/EGOPhotoImageView.h; sourceTree = "<group>"; };
		E86FF3BA16A128CD0046BA2A /* EGOPhotoImageView.m */ = {isa = PBXFileReference; lastKnownFileType = sourcecode.c.objc; name = EGOPhotoImageView.m; path = EGOPhoto/EGOPhotoViewer/Views/EGOPhotoImageView/EGOPhotoImageView.m; sourceTree = "<group>"; };
		E86FF3BB16A128D80046BA2A /* EGOPhotoScrollView.h */ = {isa = PBXFileReference; lastKnownFileType = sourcecode.c.h; name = EGOPhotoScrollView.h; path = EGOPhoto/EGOPhotoViewer/Views/EGOPhotoScrollView/EGOPhotoScrollView.h; sourceTree = "<group>"; };
		E86FF3BC16A128D80046BA2A /* EGOPhotoScrollView.m */ = {isa = PBXFileReference; lastKnownFileType = sourcecode.c.objc; name = EGOPhotoScrollView.m; path = EGOPhoto/EGOPhotoViewer/Views/EGOPhotoScrollView/EGOPhotoScrollView.m; sourceTree = "<group>"; };
		E86FF3BD16A128EA0046BA2A /* EGOCache.h */ = {isa = PBXFileReference; lastKnownFileType = sourcecode.c.h; name = EGOCache.h; path = EGOPhoto/EGOCache/EGOCache.h; sourceTree = "<group>"; };
		E86FF3BE16A128EA0046BA2A /* EGOCache.m */ = {isa = PBXFileReference; lastKnownFileType = sourcecode.c.objc; name = EGOCache.m; path = EGOPhoto/EGOCache/EGOCache.m; sourceTree = "<group>"; };
		E86FF3BF16A128F40046BA2A /* EGOImageLoadConnection.h */ = {isa = PBXFileReference; lastKnownFileType = sourcecode.c.h; name = EGOImageLoadConnection.h; path = EGOPhoto/EGOImageLoader/EGOImageLoadConnection.h; sourceTree = "<group>"; };
		E86FF3C016A128F40046BA2A /* EGOImageLoadConnection.m */ = {isa = PBXFileReference; lastKnownFileType = sourcecode.c.objc; name = EGOImageLoadConnection.m; path = EGOPhoto/EGOImageLoader/EGOImageLoadConnection.m; sourceTree = "<group>"; };
		E86FF3C116A128F40046BA2A /* EGOImageLoader.h */ = {isa = PBXFileReference; lastKnownFileType = sourcecode.c.h; name = EGOImageLoader.h; path = EGOPhoto/EGOImageLoader/EGOImageLoader.h; sourceTree = "<group>"; };
		E86FF3C216A128F40046BA2A /* EGOImageLoader.m */ = {isa = PBXFileReference; lastKnownFileType = sourcecode.c.objc; name = EGOImageLoader.m; path = EGOPhoto/EGOImageLoader/EGOImageLoader.m; sourceTree = "<group>"; };
		E86FF3C916A154900046BA2A /* MyPhoto.h */ = {isa = PBXFileReference; lastKnownFileType = sourcecode.c.h; path = MyPhoto.h; sourceTree = "<group>"; };
		E86FF3CA16A154900046BA2A /* MyPhoto.m */ = {isa = PBXFileReference; lastKnownFileType = sourcecode.c.objc; path = MyPhoto.m; sourceTree = "<group>"; };
		E86FF3CB16A154900046BA2A /* MyPhotoSource.h */ = {isa = PBXFileReference; lastKnownFileType = sourcecode.c.h; path = MyPhotoSource.h; sourceTree = "<group>"; };
		E86FF3CC16A154900046BA2A /* MyPhotoSource.m */ = {isa = PBXFileReference; lastKnownFileType = sourcecode.c.objc; path = MyPhotoSource.m; sourceTree = "<group>"; };
		E86FF3D816A155F90046BA2A /* MessageUI.framework */ = {isa = PBXFileReference; lastKnownFileType = wrapper.framework; name = MessageUI.framework; path = System/Library/Frameworks/MessageUI.framework; sourceTree = SDKROOT; };
		E8972D73169EA190003686D1 /* PreviewViewController.h */ = {isa = PBXFileReference; fileEncoding = 4; lastKnownFileType = sourcecode.c.h; path = PreviewViewController.h; sourceTree = "<group>"; };
		E8972D74169EA190003686D1 /* PreviewViewController.m */ = {isa = PBXFileReference; fileEncoding = 4; lastKnownFileType = sourcecode.c.objc; path = PreviewViewController.m; sourceTree = "<group>"; };
		E8972D75169EA190003686D1 /* PreviewViewController.xib */ = {isa = PBXFileReference; fileEncoding = 4; lastKnownFileType = file.xib; path = PreviewViewController.xib; sourceTree = "<group>"; };
		E8EBD0BB169ACF1C000D118F /* MobileCoreServices.framework */ = {isa = PBXFileReference; lastKnownFileType = wrapper.framework; name = MobileCoreServices.framework; path = System/Library/Frameworks/MobileCoreServices.framework; sourceTree = SDKROOT; };
/* End PBXFileReference section */

/* Begin PBXFrameworksBuildPhase section */
		E853C3421683562A00BDC3F3 /* Frameworks */ = {
			isa = PBXFrameworksBuildPhase;
			buildActionMask = 2147483647;
			files = (
				E86FF3D916A155F90046BA2A /* MessageUI.framework in Frameworks */,
				E8EBD0BC169ACF1C000D118F /* MobileCoreServices.framework in Frameworks */,
				E86AEF7C168B5EC6002234FE /* QuartzCore.framework in Frameworks */,
				E853C3B11684C47200BDC3F3 /* CoreLocation.framework in Frameworks */,
				E853C3AF16841FB200BDC3F3 /* MapKit.framework in Frameworks */,
				E853C34A1683562A00BDC3F3 /* UIKit.framework in Frameworks */,
				E853C34C1683562A00BDC3F3 /* Foundation.framework in Frameworks */,
				E853C34E1683562A00BDC3F3 /* CoreGraphics.framework in Frameworks */,
				E853C3501683562A00BDC3F3 /* CoreData.framework in Frameworks */,
			);
			runOnlyForDeploymentPostprocessing = 0;
		};
/* End PBXFrameworksBuildPhase section */

/* Begin PBXGroup section */
		E825C091169D0E3C00EE5DDB /* Image Content  */ = {
			isa = PBXGroup;
			children = (
				E853C38916836C4700BDC3F3 /* ImageManageController.h */,
				E853C38A16836C4700BDC3F3 /* ImageManageController.m */,
				E853C38B16836C4800BDC3F3 /* ImageManageController.xib */,
			);
			name = "Image Content ";
			sourceTree = "<group>";
		};
		E853C33A1683562A00BDC3F3 = {
			isa = PBXGroup;
			children = (
				E853C3511683562A00BDC3F3 /* ImageComment */,
				E853C3481683562A00BDC3F3 /* Frameworks */,
				E853C3461683562A00BDC3F3 /* Products */,
			);
			sourceTree = "<group>";
		};
		E853C3461683562A00BDC3F3 /* Products */ = {
			isa = PBXGroup;
			children = (
				E853C3451683562A00BDC3F3 /* ImageComment.app */,
			);
			name = Products;
			sourceTree = "<group>";
		};
		E853C3481683562A00BDC3F3 /* Frameworks */ = {
			isa = PBXGroup;
			children = (
				E86FF3D816A155F90046BA2A /* MessageUI.framework */,
				E8EBD0BB169ACF1C000D118F /* MobileCoreServices.framework */,
				E86AEF7B168B5EC6002234FE /* QuartzCore.framework */,
				E853C3B01684C47100BDC3F3 /* CoreLocation.framework */,
				E853C3AE16841FB200BDC3F3 /* MapKit.framework */,
				E853C3491683562A00BDC3F3 /* UIKit.framework */,
				E853C34B1683562A00BDC3F3 /* Foundation.framework */,
				E853C34D1683562A00BDC3F3 /* CoreGraphics.framework */,
				E853C34F1683562A00BDC3F3 /* CoreData.framework */,
			);
			name = Frameworks;
			sourceTree = "<group>";
		};
		E853C3511683562A00BDC3F3 /* ImageComment */ = {
			isa = PBXGroup;
			children = (
				E853C3B81685745400BDC3F3 /* Libary */,
				E853C3D016860EC300BDC3F3 /* ColorExtention.h */,
				E853C3D116860EC300BDC3F3 /* ColorExtention.m */,
				E853C35A1683562A00BDC3F3 /* AppDelegate.h */,
				E853C35B1683562A00BDC3F3 /* AppDelegate.m */,
				E86FF3C816A154830046BA2A /* Photo Modal */,
				E86FF3C716A154510046BA2A /* Image List */,
				E825C091169D0E3C00EE5DDB /* Image Content  */,
				E853C3B216856CFB00BDC3F3 /* Content Attributes */,
				E853C38516835E4900BDC3F3 /* Data Modal */,
				E853C3521683562A00BDC3F3 /* Supporting Files */,
			);
			path = ImageComment;
			sourceTree = "<group>";
		};
		E853C3521683562A00BDC3F3 /* Supporting Files */ = {
			isa = PBXGroup;
			children = (
				E86AEF65168A02F2002234FE /* success.png */,
				E86AEF66168A02F2002234FE /* success@2x.png */,
				E86AEF6A168A0332002234FE /* target.png */,
				E86AEF6B168A0332002234FE /* target@2x.png */,
				E853C35D1683562A00BDC3F3 /* Default.png */,
				E853C35F1683562A00BDC3F3 /* Default@2x.png */,
				E853C3611683562A00BDC3F3 /* Default-568h@2x.png */,
				E853C3531683562A00BDC3F3 /* ImageComment-Info.plist */,
				E853C3541683562A00BDC3F3 /* InfoPlist.strings */,
				E853C3571683562A00BDC3F3 /* main.m */,
				E853C3591683562A00BDC3F3 /* ImageComment-Prefix.pch */,
			);
			name = "Supporting Files";
			sourceTree = "<group>";
		};
		E853C38516835E4900BDC3F3 /* Data Modal */ = {
			isa = PBXGroup;
			children = (
				E853C3631683562A00BDC3F3 /* ImageComment.xcdatamodeld */,
				E800F05B169C1E0A0013E4A3 /* ImageContent.h */,
				E800F05C169C1E0A0013E4A3 /* ImageContent.m */,
			);
			name = "Data Modal";
			sourceTree = "<group>";
		};
		E853C3B216856CFB00BDC3F3 /* Content Attributes */ = {
			isa = PBXGroup;
			children = (
				E853C3A916841DC500BDC3F3 /* ImageLocationController.h */,
				E853C3AA16841DC600BDC3F3 /* ImageLocationController.m */,
				E8972D73169EA190003686D1 /* PreviewViewController.h */,
				E8972D74169EA190003686D1 /* PreviewViewController.m */,
				E853C3AB16841DC700BDC3F3 /* ImageLocationController.xib */,
				E8972D75169EA190003686D1 /* PreviewViewController.xib */,
			);
			name = "Content Attributes";
			sourceTree = "<group>";
		};
		E853C3B81685745400BDC3F3 /* Libary */ = {
			isa = PBXGroup;
			children = (
				E86FF3C316A129B80046BA2A /* EGOPhoto */,
				E86FF36716A1242B0046BA2A /* PopoverView */,
				E86FF36616A123FD0046BA2A /* ActionSheetPicker */,
			);
			name = Libary;
			sourceTree = "<group>";
		};
		E86FF36616A123FD0046BA2A /* ActionSheetPicker */ = {
			isa = PBXGroup;
			children = (
				E853C3C11685747B00BDC3F3 /* ActionSheetPicker.h */,
				E853C3BB1685747B00BDC3F3 /* AbstractActionSheetPicker.h */,
				E853C3BC1685747B00BDC3F3 /* AbstractActionSheetPicker.m */,
				E853C3BD1685747B00BDC3F3 /* ActionSheetDatePicker.h */,
				E853C3BE1685747B00BDC3F3 /* ActionSheetDatePicker.m */,
				E853C3BF1685747B00BDC3F3 /* ActionSheetDistancePicker.h */,
				E853C3C01685747B00BDC3F3 /* ActionSheetDistancePicker.m */,
				E853C3C21685747B00BDC3F3 /* ActionSheetStringPicker.h */,
				E853C3C31685747B00BDC3F3 /* ActionSheetStringPicker.m */,
				E853C3C41685747B00BDC3F3 /* DistancePickerView.h */,
				E853C3C51685747B00BDC3F3 /* DistancePickerView.m */,
			);
			name = ActionSheetPicker;
			sourceTree = "<group>";
		};
		E86FF36716A1242B0046BA2A /* PopoverView */ = {
			isa = PBXGroup;
			children = (
				E853C3B91685746D00BDC3F3 /* PopoverView.h */,
				E853C3BA1685746D00BDC3F3 /* PopoverView.m */,
			);
			name = PopoverView;
			sourceTree = "<group>";
		};
		E86FF36816A124500046BA2A /* EGOPhotoViewer */ = {
			isa = PBXGroup;
			children = (
				E86FF39916A128440046BA2A /* EGOPhotoGlobal.h */,
				E86FF36C16A124D50046BA2A /* Modal */,
				E86FF36916A124A40046BA2A /* Controller */,
				E86FF36B16A124C20046BA2A /* Resource */,
				E86FF36A16A124B10046BA2A /* Views */,
			);
			name = EGOPhotoViewer;
			sourceTree = "<group>";
		};
		E86FF36916A124A40046BA2A /* Controller */ = {
			isa = PBXGroup;
			children = (
				E86FF36E16A124FF0046BA2A /* EGOPhotoViewController */,
			);
			name = Controller;
			sourceTree = "<group>";
		};
		E86FF36A16A124B10046BA2A /* Views */ = {
			isa = PBXGroup;
			children = (
				E86FF39416A125920046BA2A /* EGOPhotoScrollView */,
				E86FF39116A1257B0046BA2A /* EGOPhotoImageView */,
				E86FF38E16A125680046BA2A /* EGOPhotoCaptionView */,
			);
			name = Views;
			sourceTree = "<group>";
		};
		E86FF36B16A124C20046BA2A /* Resource */ = {
			isa = PBXGroup;
			children = (
				E86FF3A116A128A40046BA2A /* egopv_error_placeholder.png */,
				E86FF3A216A128A40046BA2A /* egopv_error_placeholder@2x.png */,
				E86FF3A316A128A40046BA2A /* egopv_fullscreen_button.png */,
				E86FF3A416A128A40046BA2A /* egopv_fullscreen_button@2x.png */,
				E86FF3A516A128A40046BA2A /* egopv_left.png */,
				E86FF3A616A128A40046BA2A /* egopv_left@2x.png */,
				E86FF3A716A128A40046BA2A /* egopv_minimize_fullscreen_button.png */,
				E86FF3A816A128A40046BA2A /* egopv_photo_placeholder.png */,
				E86FF3A916A128A40046BA2A /* egopv_photo_placeholder@2x.png */,
				E86FF3AA16A128A40046BA2A /* egopv_right.png */,
				E86FF3AB16A128A40046BA2A /* egopv_right@2x.png */,
			);
			name = Resource;
			sourceTree = "<group>";
		};
		E86FF36C16A124D50046BA2A /* Modal */ = {
			isa = PBXGroup;
			children = (
				E86FF37316A125320046BA2A /* EGOQuickPhoto */,
				E86FF37116A1251D0046BA2A /* EGOPhotoSource */,
			);
			name = Modal;
			sourceTree = "<group>";
		};
		E86FF36E16A124FF0046BA2A /* EGOPhotoViewController */ = {
			isa = PBXGroup;
			children = (
				E86FF39F16A128940046BA2A /* EGOPhotoViewController.h */,
				E86FF3A016A128940046BA2A /* EGOPhotoViewController.m */,
			);
			name = EGOPhotoViewController;
			sourceTree = "<group>";
		};
		E86FF37116A1251D0046BA2A /* EGOPhotoSource */ = {
			isa = PBXGroup;
			children = (
				E86FF39E16A1287E0046BA2A /* EGOPhotoSource.h */,
			);
			name = EGOPhotoSource;
			sourceTree = "<group>";
		};
		E86FF37316A125320046BA2A /* EGOQuickPhoto */ = {
			isa = PBXGroup;
			children = (
				E86FF39A16A128540046BA2A /* EGOQuickPhoto.h */,
				E86FF39B16A128540046BA2A /* EGOQuickPhoto.m */,
				E86FF39C16A128540046BA2A /* EGOQuickPhotoSource.h */,
				E86FF39D16A128540046BA2A /* EGOQuickPhotoSource.m */,
			);
			name = EGOQuickPhoto;
			sourceTree = "<group>";
		};
		E86FF38E16A125680046BA2A /* EGOPhotoCaptionView */ = {
			isa = PBXGroup;
			children = (
				E86FF3B716A128C20046BA2A /* EGOPhotoCaptionView.h */,
				E86FF3B816A128C20046BA2A /* EGOPhotoCaptionView.m */,
			);
			name = EGOPhotoCaptionView;
			sourceTree = "<group>";
		};
		E86FF39116A1257B0046BA2A /* EGOPhotoImageView */ = {
			isa = PBXGroup;
			children = (
				E86FF3B916A128CD0046BA2A /* EGOPhotoImageView.h */,
				E86FF3BA16A128CD0046BA2A /* EGOPhotoImageView.m */,
			);
			name = EGOPhotoImageView;
			sourceTree = "<group>";
		};
		E86FF39416A125920046BA2A /* EGOPhotoScrollView */ = {
			isa = PBXGroup;
			children = (
				E86FF3BB16A128D80046BA2A /* EGOPhotoScrollView.h */,
				E86FF3BC16A128D80046BA2A /* EGOPhotoScrollView.m */,
			);
			name = EGOPhotoScrollView;
			sourceTree = "<group>";
		};
		E86FF39716A127D50046BA2A /* EGOCache */ = {
			isa = PBXGroup;
			children = (
				E86FF3BD16A128EA0046BA2A /* EGOCache.h */,
				E86FF3BE16A128EA0046BA2A /* EGOCache.m */,
			);
			name = EGOCache;
			sourceTree = "<group>";
		};
		E86FF39816A128380046BA2A /* EGOImageLoader */ = {
			isa = PBXGroup;
			children = (
				E86FF3BF16A128F40046BA2A /* EGOImageLoadConnection.h */,
				E86FF3C016A128F40046BA2A /* EGOImageLoadConnection.m */,
				E86FF3C116A128F40046BA2A /* EGOImageLoader.h */,
				E86FF3C216A128F40046BA2A /* EGOImageLoader.m */,
			);
			name = EGOImageLoader;
			sourceTree = "<group>";
		};
		E86FF3C316A129B80046BA2A /* EGOPhoto */ = {
			isa = PBXGroup;
			children = (
				E86FF39816A128380046BA2A /* EGOImageLoader */,
				E86FF39716A127D50046BA2A /* EGOCache */,
				E86FF36816A124500046BA2A /* EGOPhotoViewer */,
			);
			name = EGOPhoto;
			sourceTree = "<group>";
		};
		E86FF3C716A154510046BA2A /* Image List */ = {
			isa = PBXGroup;
			children = (
				E853C3661683562A00BDC3F3 /* ImageListController.h */,
				E853C3671683562A00BDC3F3 /* ImageListController.m */,
				E853C36C1683562B00BDC3F3 /* ImageListController.xib */,
			);
			name = "Image List";
			sourceTree = "<group>";
		};
		E86FF3C816A154830046BA2A /* Photo Modal */ = {
			isa = PBXGroup;
			children = (
				E86FF3C916A154900046BA2A /* MyPhoto.h */,
				E86FF3CA16A154900046BA2A /* MyPhoto.m */,
				E86FF3CB16A154900046BA2A /* MyPhotoSource.h */,
				E86FF3CC16A154900046BA2A /* MyPhotoSource.m */,
			);
			name = "Photo Modal";
			sourceTree = "<group>";
		};
/* End PBXGroup section */

/* Begin PBXNativeTarget section */
		E853C3441683562A00BDC3F3 /* ImageComment */ = {
			isa = PBXNativeTarget;
			buildConfigurationList = E853C3741683562B00BDC3F3 /* Build configuration list for PBXNativeTarget "ImageComment" */;
			buildPhases = (
				E853C3411683562A00BDC3F3 /* Sources */,
				E853C3421683562A00BDC3F3 /* Frameworks */,
				E853C3431683562A00BDC3F3 /* Resources */,
			);
			buildRules = (
			);
			dependencies = (
			);
			name = ImageComment;
			productName = ImageComment;
			productReference = E853C3451683562A00BDC3F3 /* ImageComment.app */;
			productType = "com.apple.product-type.application";
		};
/* End PBXNativeTarget section */

/* Begin PBXProject section */
		E853C33C1683562A00BDC3F3 /* Project object */ = {
			isa = PBXProject;
			attributes = {
				LastUpgradeCheck = 0450;
				ORGANIZATIONNAME = "Wu Wenzhi";
			};
			buildConfigurationList = E853C33F1683562A00BDC3F3 /* Build configuration list for PBXProject "ImageComment" */;
			compatibilityVersion = "Xcode 3.2";
			developmentRegion = English;
			hasScannedForEncodings = 0;
			knownRegions = (
				en,
			);
			mainGroup = E853C33A1683562A00BDC3F3;
			productRefGroup = E853C3461683562A00BDC3F3 /* Products */;
			projectDirPath = "";
			projectRoot = "";
			targets = (
				E853C3441683562A00BDC3F3 /* ImageComment */,
			);
		};
/* End PBXProject section */

/* Begin PBXResourcesBuildPhase section */
		E853C3431683562A00BDC3F3 /* Resources */ = {
			isa = PBXResourcesBuildPhase;
			buildActionMask = 2147483647;
			files = (
				E853C3561683562A00BDC3F3 /* InfoPlist.strings in Resources */,
				E853C35E1683562A00BDC3F3 /* Default.png in Resources */,
				E853C3601683562A00BDC3F3 /* Default@2x.png in Resources */,
				E853C3621683562A00BDC3F3 /* Default-568h@2x.png in Resources */,
				E853C36E1683562B00BDC3F3 /* ImageListController.xib in Resources */,
				E853C3AD16841DC700BDC3F3 /* ImageLocationController.xib in Resources */,
				E86AEF67168A02F2002234FE /* success.png in Resources */,
				E86AEF68168A02F2002234FE /* success@2x.png in Resources */,
				E86AEF6C168A0332002234FE /* target.png in Resources */,
				E86AEF6D168A0332002234FE /* target@2x.png in Resources */,
				E8972D77169EA190003686D1 /* PreviewViewController.xib in Resources */,
				E86FF3AC16A128A40046BA2A /* egopv_error_placeholder.png in Resources */,
				E86FF3AD16A128A40046BA2A /* egopv_error_placeholder@2x.png in Resources */,
				E86FF3AE16A128A40046BA2A /* egopv_fullscreen_button.png in Resources */,
				E86FF3AF16A128A40046BA2A /* egopv_fullscreen_button@2x.png in Resources */,
				E86FF3B016A128A40046BA2A /* egopv_left.png in Resources */,
				E86FF3B116A128A40046BA2A /* egopv_left@2x.png in Resources */,
				E86FF3B216A128A40046BA2A /* egopv_minimize_fullscreen_button.png in Resources */,
				E86FF3B316A128A40046BA2A /* egopv_photo_placeholder.png in Resources */,
				E86FF3B416A128A40046BA2A /* egopv_photo_placeholder@2x.png in Resources */,
				E86FF3B516A128A40046BA2A /* egopv_right.png in Resources */,
				E86FF3B616A128A40046BA2A /* egopv_right@2x.png in Resources */,
			);
			runOnlyForDeploymentPostprocessing = 0;
		};
/* End PBXResourcesBuildPhase section */

/* Begin PBXSourcesBuildPhase section */
		E853C3411683562A00BDC3F3 /* Sources */ = {
			isa = PBXSourcesBuildPhase;
			buildActionMask = 2147483647;
			files = (
				E86FF3CD16A154C80046BA2A /* EGOImageLoadConnection.m in Sources */,
				E86FF3CE16A154C80046BA2A /* EGOImageLoader.m in Sources */,
				E86FF3CF16A154C80046BA2A /* EGOCache.m in Sources */,
				E86FF3D016A154C80046BA2A /* EGOQuickPhoto.m in Sources */,
				E86FF3D116A154C80046BA2A /* EGOQuickPhotoSource.m in Sources */,
				E86FF3D216A154C80046BA2A /* EGOPhotoViewController.m in Sources */,
				E86FF3D316A154C80046BA2A /* EGOPhotoScrollView.m in Sources */,
				E86FF3D416A154C80046BA2A /* EGOPhotoImageView.m in Sources */,
				E86FF3D516A154C80046BA2A /* EGOPhotoCaptionView.m in Sources */,
				E86FF3D616A154C80046BA2A /* MyPhoto.m in Sources */,
				E86FF3D716A154C80046BA2A /* MyPhotoSource.m in Sources */,
				E8EBD0C2169BC0DD000D118F /* ColorExtention.m in Sources */,
				E853C3C6168574E600BDC3F3 /* AbstractActionSheetPicker.m in Sources */,
				E853C3C7168574E600BDC3F3 /* ActionSheetDatePicker.m in Sources */,
				E853C3C8168574E600BDC3F3 /* ActionSheetDistancePicker.m in Sources */,
				E853C3C9168574E600BDC3F3 /* ActionSheetStringPicker.m in Sources */,
				E853C3CA168574E600BDC3F3 /* DistancePickerView.m in Sources */,
				E853C3CB168574E600BDC3F3 /* PopoverView.m in Sources */,
				E853C3A2168414EB00BDC3F3 /* ImageManageController.m in Sources */,
				E853C3581683562A00BDC3F3 /* main.m in Sources */,
				E853C35C1683562A00BDC3F3 /* AppDelegate.m in Sources */,
				E853C3651683562A00BDC3F3 /* ImageComment.xcdatamodeld in Sources */,
				E853C3681683562A00BDC3F3 /* ImageListController.m in Sources */,
				E853C3AC16841DC700BDC3F3 /* ImageLocationController.m in Sources */,
				E800F05D169C1E0A0013E4A3 /* ImageContent.m in Sources */,
				E8972D76169EA190003686D1 /* PreviewViewController.m in Sources */,
			);
			runOnlyForDeploymentPostprocessing = 0;
		};
/* End PBXSourcesBuildPhase section */

/* Begin PBXVariantGroup section */
		E853C3541683562A00BDC3F3 /* InfoPlist.strings */ = {
			isa = PBXVariantGroup;
			children = (
				E853C3551683562A00BDC3F3 /* en */,
			);
			name = InfoPlist.strings;
			sourceTree = "<group>";
		};
		E853C36C1683562B00BDC3F3 /* ImageListController.xib */ = {
			isa = PBXVariantGroup;
			children = (
				E853C36D1683562B00BDC3F3 /* en */,
			);
			name = ImageListController.xib;
			sourceTree = "<group>";
		};
/* End PBXVariantGroup section */

/* Begin XCBuildConfiguration section */
		E853C3721683562B00BDC3F3 /* Debug */ = {
			isa = XCBuildConfiguration;
			buildSettings = {
				ALWAYS_SEARCH_USER_PATHS = NO;
				CLANG_CXX_LANGUAGE_STANDARD = "gnu++0x";
				CLANG_CXX_LIBRARY = "libc++";
				CLANG_ENABLE_OBJC_ARC = YES;
				CLANG_WARN_EMPTY_BODY = YES;
				CLANG_WARN__DUPLICATE_METHOD_MATCH = YES;
				"CODE_SIGN_IDENTITY[sdk=iphoneos*]" = "iPhone Developer";
				COPY_PHASE_STRIP = NO;
				GCC_C_LANGUAGE_STANDARD = gnu99;
				GCC_DYNAMIC_NO_PIC = NO;
				GCC_OPTIMIZATION_LEVEL = 0;
				GCC_PREPROCESSOR_DEFINITIONS = (
					"DEBUG=1",
					"$(inherited)",
				);
				GCC_SYMBOLS_PRIVATE_EXTERN = NO;
				GCC_WARN_ABOUT_RETURN_TYPE = YES;
				GCC_WARN_UNINITIALIZED_AUTOS = YES;
				GCC_WARN_UNUSED_VARIABLE = YES;
				IPHONEOS_DEPLOYMENT_TARGET = 5.1;
				ONLY_ACTIVE_ARCH = YES;
				SDKROOT = iphoneos;
			};
			name = Debug;
		};
		E853C3731683562B00BDC3F3 /* Release */ = {
			isa = XCBuildConfiguration;
			buildSettings = {
				ALWAYS_SEARCH_USER_PATHS = NO;
				CLANG_CXX_LANGUAGE_STANDARD = "gnu++0x";
				CLANG_CXX_LIBRARY = "libc++";
				CLANG_ENABLE_OBJC_ARC = YES;
				CLANG_WARN_EMPTY_BODY = YES;
				CLANG_WARN__DUPLICATE_METHOD_MATCH = YES;
				"CODE_SIGN_IDENTITY[sdk=iphoneos*]" = "iPhone Developer";
				COPY_PHASE_STRIP = YES;
				GCC_C_LANGUAGE_STANDARD = gnu99;
				GCC_WARN_ABOUT_RETURN_TYPE = YES;
				GCC_WARN_UNINITIALIZED_AUTOS = YES;
				GCC_WARN_UNUSED_VARIABLE = YES;
				IPHONEOS_DEPLOYMENT_TARGET = 5.1;
				OTHER_CFLAGS = "-DNS_BLOCK_ASSERTIONS=1";
				SDKROOT = iphoneos;
				VALIDATE_PRODUCT = YES;
			};
			name = Release;
		};
		E853C3751683562B00BDC3F3 /* Debug */ = {
			isa = XCBuildConfiguration;
			buildSettings = {
				GCC_PRECOMPILE_PREFIX_HEADER = YES;
				GCC_PREFIX_HEADER = "ImageComment/ImageComment-Prefix.pch";
				INFOPLIST_FILE = "ImageComment/ImageComment-Info.plist";
				IPHONEOS_DEPLOYMENT_TARGET = 5.1;
				PRODUCT_NAME = "$(TARGET_NAME)";
				WRAPPER_EXTENSION = app;
			};
			name = Debug;
		};
		E853C3761683562B00BDC3F3 /* Release */ = {
			isa = XCBuildConfiguration;
			buildSettings = {
				GCC_PRECOMPILE_PREFIX_HEADER = YES;
				GCC_PREFIX_HEADER = "ImageComment/ImageComment-Prefix.pch";
				INFOPLIST_FILE = "ImageComment/ImageComment-Info.plist";
				IPHONEOS_DEPLOYMENT_TARGET = 5.1;
				PRODUCT_NAME = "$(TARGET_NAME)";
				WRAPPER_EXTENSION = app;
			};
			name = Release;
		};
/* End XCBuildConfiguration section */

/* Begin XCConfigurationList section */
		E853C33F1683562A00BDC3F3 /* Build configuration list for PBXProject "ImageComment" */ = {
			isa = XCConfigurationList;
			buildConfigurations = (
				E853C3721683562B00BDC3F3 /* Debug */,
				E853C3731683562B00BDC3F3 /* Release */,
			);
			defaultConfigurationIsVisible = 0;
			defaultConfigurationName = Release;
		};
		E853C3741683562B00BDC3F3 /* Build configuration list for PBXNativeTarget "ImageComment" */ = {
			isa = XCConfigurationList;
			buildConfigurations = (
				E853C3751683562B00BDC3F3 /* Debug */,
				E853C3761683562B00BDC3F3 /* Release */,
			);
			defaultConfigurationIsVisible = 0;
			defaultConfigurationName = Release;
		};
/* End XCConfigurationList section */

/* Begin XCVersionGroup section */
		E853C3631683562A00BDC3F3 /* ImageComment.xcdatamodeld */ = {
			isa = XCVersionGroup;
			children = (
				E853C3641683562A00BDC3F3 /* ImageComment.xcdatamodel */,
			);
			currentVersion = E853C3641683562A00BDC3F3 /* ImageComment.xcdatamodel */;
			path = ImageComment.xcdatamodeld;
			sourceTree = "<group>";
			versionGroupType = wrapper.xcdatamodel;
		};
/* End XCVersionGroup section */
	};
	rootObject = E853C33C1683562A00BDC3F3 /* Project object */;
}
